// !$*UTF8*$!
{
	archiveVersion = 1;
	classes = {
	};
	objectVersion = 56;
	objects = {

/* Begin PBXBuildFile section */
		441869F02A4C227600CA16F8 /* Food_app_SwiftUIApp.swift in Sources */ = {isa = PBXBuildFile; fileRef = 441869EF2A4C227600CA16F8 /* Food_app_SwiftUIApp.swift */; };
		441869F42A4C227700CA16F8 /* Assets.xcassets in Resources */ = {isa = PBXBuildFile; fileRef = 441869F32A4C227700CA16F8 /* Assets.xcassets */; };
		441869F72A4C227700CA16F8 /* Preview Assets.xcassets in Resources */ = {isa = PBXBuildFile; fileRef = 441869F62A4C227700CA16F8 /* Preview Assets.xcassets */; };
		44186A012A4C227700CA16F8 /* Food_app_SwiftUITests.swift in Sources */ = {isa = PBXBuildFile; fileRef = 44186A002A4C227700CA16F8 /* Food_app_SwiftUITests.swift */; };
		44186A0B2A4C227800CA16F8 /* Food_app_SwiftUIUITests.swift in Sources */ = {isa = PBXBuildFile; fileRef = 44186A0A2A4C227800CA16F8 /* Food_app_SwiftUIUITests.swift */; };
		44186A0D2A4C227800CA16F8 /* Food_app_SwiftUIUITestsLaunchTests.swift in Sources */ = {isa = PBXBuildFile; fileRef = 44186A0C2A4C227800CA16F8 /* Food_app_SwiftUIUITestsLaunchTests.swift */; };
		44186A1B2A4D5B7300CA16F8 /* NetworkManagerProtocol.swift in Sources */ = {isa = PBXBuildFile; fileRef = 44186A1A2A4D5B7300CA16F8 /* NetworkManagerProtocol.swift */; };
		44186A202A4D5F5A00CA16F8 /* CategoriesNetworkDataModel.swift in Sources */ = {isa = PBXBuildFile; fileRef = 44186A1F2A4D5F5A00CA16F8 /* CategoriesNetworkDataModel.swift */; };
		44186A222A4D60A900CA16F8 /* NetworkServiceImpl.swift in Sources */ = {isa = PBXBuildFile; fileRef = 44186A212A4D60A900CA16F8 /* NetworkServiceImpl.swift */; };
		44186A252A4D632E00CA16F8 /* AppCoordinator.swift in Sources */ = {isa = PBXBuildFile; fileRef = 44186A242A4D632E00CA16F8 /* AppCoordinator.swift */; };
		44186A2D2A4D641D00CA16F8 /* AppCoordinatorView.swift in Sources */ = {isa = PBXBuildFile; fileRef = 44186A2C2A4D641D00CA16F8 /* AppCoordinatorView.swift */; };
		44186A2F2A4D647100CA16F8 /* Coordinator.swift in Sources */ = {isa = PBXBuildFile; fileRef = 44186A2E2A4D647100CA16F8 /* Coordinator.swift */; };
		443DEFA52A4D6D83006C7C4E /* MainScreenModel.swift in Sources */ = {isa = PBXBuildFile; fileRef = 443DEFA42A4D6D83006C7C4E /* MainScreenModel.swift */; };
		443DEFA72A4D6D89006C7C4E /* MainScreenViewModel.swift in Sources */ = {isa = PBXBuildFile; fileRef = 443DEFA62A4D6D89006C7C4E /* MainScreenViewModel.swift */; };
		443DEFA92A4D6F08006C7C4E /* MainModelProtocol.swift in Sources */ = {isa = PBXBuildFile; fileRef = 443DEFA82A4D6F08006C7C4E /* MainModelProtocol.swift */; };
		443DEFAB2A4D6F79006C7C4E /* MainScreenView.swift in Sources */ = {isa = PBXBuildFile; fileRef = 443DEFAA2A4D6F79006C7C4E /* MainScreenView.swift */; };
		443DEFAD2A4D7323006C7C4E /* MainScreenViewModelProtocol.swift in Sources */ = {isa = PBXBuildFile; fileRef = 443DEFAC2A4D7323006C7C4E /* MainScreenViewModelProtocol.swift */; };
		443DEFB02A4D96DC006C7C4E /* Kingfisher in Frameworks */ = {isa = PBXBuildFile; productRef = 443DEFAF2A4D96DC006C7C4E /* Kingfisher */; };
		443DEFB32A4DAE8B006C7C4E /* DetailScreen.swift in Sources */ = {isa = PBXBuildFile; fileRef = 443DEFB22A4DAE8B006C7C4E /* DetailScreen.swift */; };
		443DEFB92A4DB7AD006C7C4E /* DishesDataModel.swift in Sources */ = {isa = PBXBuildFile; fileRef = 443DEFB82A4DB7AD006C7C4E /* DishesDataModel.swift */; };
		443DEFBB2A4DBC3F006C7C4E /* DetailScreenViewModel.swift in Sources */ = {isa = PBXBuildFile; fileRef = 443DEFBA2A4DBC3F006C7C4E /* DetailScreenViewModel.swift */; };
		443DEFBD2A4DBDCF006C7C4E /* DetailScreenModel.swift in Sources */ = {isa = PBXBuildFile; fileRef = 443DEFBC2A4DBDCF006C7C4E /* DetailScreenModel.swift */; };
/* End PBXBuildFile section */

/* Begin PBXContainerItemProxy section */
		441869FD2A4C227700CA16F8 /* PBXContainerItemProxy */ = {
			isa = PBXContainerItemProxy;
			containerPortal = 441869E42A4C227600CA16F8 /* Project object */;
			proxyType = 1;
			remoteGlobalIDString = 441869EB2A4C227600CA16F8;
			remoteInfo = Food_app_SwiftUI;
		};
		44186A072A4C227800CA16F8 /* PBXContainerItemProxy */ = {
			isa = PBXContainerItemProxy;
			containerPortal = 441869E42A4C227600CA16F8 /* Project object */;
			proxyType = 1;
			remoteGlobalIDString = 441869EB2A4C227600CA16F8;
			remoteInfo = Food_app_SwiftUI;
		};
/* End PBXContainerItemProxy section */

/* Begin PBXFileReference section */
		441869EC2A4C227600CA16F8 /* Food_app_SwiftUI.app */ = {isa = PBXFileReference; explicitFileType = wrapper.application; includeInIndex = 0; path = Food_app_SwiftUI.app; sourceTree = BUILT_PRODUCTS_DIR; };
		441869EF2A4C227600CA16F8 /* Food_app_SwiftUIApp.swift */ = {isa = PBXFileReference; lastKnownFileType = sourcecode.swift; path = Food_app_SwiftUIApp.swift; sourceTree = "<group>"; };
		441869F32A4C227700CA16F8 /* Assets.xcassets */ = {isa = PBXFileReference; lastKnownFileType = folder.assetcatalog; path = Assets.xcassets; sourceTree = "<group>"; };
		441869F62A4C227700CA16F8 /* Preview Assets.xcassets */ = {isa = PBXFileReference; lastKnownFileType = folder.assetcatalog; path = "Preview Assets.xcassets"; sourceTree = "<group>"; };
		441869FC2A4C227700CA16F8 /* Food_app_SwiftUITests.xctest */ = {isa = PBXFileReference; explicitFileType = wrapper.cfbundle; includeInIndex = 0; path = Food_app_SwiftUITests.xctest; sourceTree = BUILT_PRODUCTS_DIR; };
		44186A002A4C227700CA16F8 /* Food_app_SwiftUITests.swift */ = {isa = PBXFileReference; lastKnownFileType = sourcecode.swift; path = Food_app_SwiftUITests.swift; sourceTree = "<group>"; };
		44186A062A4C227800CA16F8 /* Food_app_SwiftUIUITests.xctest */ = {isa = PBXFileReference; explicitFileType = wrapper.cfbundle; includeInIndex = 0; path = Food_app_SwiftUIUITests.xctest; sourceTree = BUILT_PRODUCTS_DIR; };
		44186A0A2A4C227800CA16F8 /* Food_app_SwiftUIUITests.swift */ = {isa = PBXFileReference; lastKnownFileType = sourcecode.swift; path = Food_app_SwiftUIUITests.swift; sourceTree = "<group>"; };
		44186A0C2A4C227800CA16F8 /* Food_app_SwiftUIUITestsLaunchTests.swift */ = {isa = PBXFileReference; lastKnownFileType = sourcecode.swift; path = Food_app_SwiftUIUITestsLaunchTests.swift; sourceTree = "<group>"; };
		44186A1A2A4D5B7300CA16F8 /* NetworkManagerProtocol.swift */ = {isa = PBXFileReference; lastKnownFileType = sourcecode.swift; path = NetworkManagerProtocol.swift; sourceTree = "<group>"; };
		44186A1F2A4D5F5A00CA16F8 /* CategoriesNetworkDataModel.swift */ = {isa = PBXFileReference; lastKnownFileType = sourcecode.swift; path = CategoriesNetworkDataModel.swift; sourceTree = "<group>"; };
		44186A212A4D60A900CA16F8 /* NetworkServiceImpl.swift */ = {isa = PBXFileReference; lastKnownFileType = sourcecode.swift; path = NetworkServiceImpl.swift; sourceTree = "<group>"; };
		44186A242A4D632E00CA16F8 /* AppCoordinator.swift */ = {isa = PBXFileReference; lastKnownFileType = sourcecode.swift; path = AppCoordinator.swift; sourceTree = "<group>"; };
		44186A2C2A4D641D00CA16F8 /* AppCoordinatorView.swift */ = {isa = PBXFileReference; lastKnownFileType = sourcecode.swift; path = AppCoordinatorView.swift; sourceTree = "<group>"; };
		44186A2E2A4D647100CA16F8 /* Coordinator.swift */ = {isa = PBXFileReference; lastKnownFileType = sourcecode.swift; path = Coordinator.swift; sourceTree = "<group>"; };
		443DEFA42A4D6D83006C7C4E /* MainScreenModel.swift */ = {isa = PBXFileReference; lastKnownFileType = sourcecode.swift; path = MainScreenModel.swift; sourceTree = "<group>"; };
		443DEFA62A4D6D89006C7C4E /* MainScreenViewModel.swift */ = {isa = PBXFileReference; lastKnownFileType = sourcecode.swift; path = MainScreenViewModel.swift; sourceTree = "<group>"; };
		443DEFA82A4D6F08006C7C4E /* MainModelProtocol.swift */ = {isa = PBXFileReference; lastKnownFileType = sourcecode.swift; path = MainModelProtocol.swift; sourceTree = "<group>"; };
		443DEFAA2A4D6F79006C7C4E /* MainScreenView.swift */ = {isa = PBXFileReference; lastKnownFileType = sourcecode.swift; path = MainScreenView.swift; sourceTree = "<group>"; };
		443DEFAC2A4D7323006C7C4E /* MainScreenViewModelProtocol.swift */ = {isa = PBXFileReference; lastKnownFileType = sourcecode.swift; path = MainScreenViewModelProtocol.swift; sourceTree = "<group>"; };
		443DEFB22A4DAE8B006C7C4E /* DetailScreen.swift */ = {isa = PBXFileReference; lastKnownFileType = sourcecode.swift; path = DetailScreen.swift; sourceTree = "<group>"; };
		443DEFB82A4DB7AD006C7C4E /* DishesDataModel.swift */ = {isa = PBXFileReference; lastKnownFileType = sourcecode.swift; path = DishesDataModel.swift; sourceTree = "<group>"; };
		443DEFBA2A4DBC3F006C7C4E /* DetailScreenViewModel.swift */ = {isa = PBXFileReference; lastKnownFileType = sourcecode.swift; path = DetailScreenViewModel.swift; sourceTree = "<group>"; };
		443DEFBC2A4DBDCF006C7C4E /* DetailScreenModel.swift */ = {isa = PBXFileReference; lastKnownFileType = sourcecode.swift; path = DetailScreenModel.swift; sourceTree = "<group>"; };
/* End PBXFileReference section */

/* Begin PBXFrameworksBuildPhase section */
		441869E92A4C227600CA16F8 /* Frameworks */ = {
			isa = PBXFrameworksBuildPhase;
			buildActionMask = 2147483647;
			files = (
				443DEFB02A4D96DC006C7C4E /* Kingfisher in Frameworks */,
			);
			runOnlyForDeploymentPostprocessing = 0;
		};
		441869F92A4C227700CA16F8 /* Frameworks */ = {
			isa = PBXFrameworksBuildPhase;
			buildActionMask = 2147483647;
			files = (
			);
			runOnlyForDeploymentPostprocessing = 0;
		};
		44186A032A4C227800CA16F8 /* Frameworks */ = {
			isa = PBXFrameworksBuildPhase;
			buildActionMask = 2147483647;
			files = (
			);
			runOnlyForDeploymentPostprocessing = 0;
		};
/* End PBXFrameworksBuildPhase section */

/* Begin PBXGroup section */
		441869E32A4C227600CA16F8 = {
			isa = PBXGroup;
			children = (
				441869EE2A4C227600CA16F8 /* Food_app_SwiftUI */,
				441869FF2A4C227700CA16F8 /* Food_app_SwiftUITests */,
				44186A092A4C227800CA16F8 /* Food_app_SwiftUIUITests */,
				441869ED2A4C227600CA16F8 /* Products */,
			);
			sourceTree = "<group>";
		};
		441869ED2A4C227600CA16F8 /* Products */ = {
			isa = PBXGroup;
			children = (
				441869EC2A4C227600CA16F8 /* Food_app_SwiftUI.app */,
				441869FC2A4C227700CA16F8 /* Food_app_SwiftUITests.xctest */,
				44186A062A4C227800CA16F8 /* Food_app_SwiftUIUITests.xctest */,
			);
			name = Products;
			sourceTree = "<group>";
		};
		441869EE2A4C227600CA16F8 /* Food_app_SwiftUI */ = {
			isa = PBXGroup;
			children = (
				443DEFB12A4DAE7F006C7C4E /* DetailScreen */,
				44186A232A4D631800CA16F8 /* Coordinator */,
				443DEF9E2A4D6D47006C7C4E /* MainScreen */,
				44186A192A4D5B3100CA16F8 /* NetworkManager */,
				441869EF2A4C227600CA16F8 /* Food_app_SwiftUIApp.swift */,
				441869F32A4C227700CA16F8 /* Assets.xcassets */,
				441869F52A4C227700CA16F8 /* Preview Content */,
			);
			path = Food_app_SwiftUI;
			sourceTree = "<group>";
		};
		441869F52A4C227700CA16F8 /* Preview Content */ = {
			isa = PBXGroup;
			children = (
				441869F62A4C227700CA16F8 /* Preview Assets.xcassets */,
			);
			path = "Preview Content";
			sourceTree = "<group>";
		};
		441869FF2A4C227700CA16F8 /* Food_app_SwiftUITests */ = {
			isa = PBXGroup;
			children = (
				44186A002A4C227700CA16F8 /* Food_app_SwiftUITests.swift */,
			);
			path = Food_app_SwiftUITests;
			sourceTree = "<group>";
		};
		44186A092A4C227800CA16F8 /* Food_app_SwiftUIUITests */ = {
			isa = PBXGroup;
			children = (
				44186A0A2A4C227800CA16F8 /* Food_app_SwiftUIUITests.swift */,
				44186A0C2A4C227800CA16F8 /* Food_app_SwiftUIUITestsLaunchTests.swift */,
			);
			path = Food_app_SwiftUIUITests;
			sourceTree = "<group>";
		};
		44186A192A4D5B3100CA16F8 /* NetworkManager */ = {
			isa = PBXGroup;
			children = (
				44186A1C2A4D5CCE00CA16F8 /* DataModel */,
				44186A1A2A4D5B7300CA16F8 /* NetworkManagerProtocol.swift */,
				44186A212A4D60A900CA16F8 /* NetworkServiceImpl.swift */,
			);
			path = NetworkManager;
			sourceTree = "<group>";
		};
		44186A1C2A4D5CCE00CA16F8 /* DataModel */ = {
			isa = PBXGroup;
			children = (
				44186A1F2A4D5F5A00CA16F8 /* CategoriesNetworkDataModel.swift */,
				443DEFB82A4DB7AD006C7C4E /* DishesDataModel.swift */,
			);
			path = DataModel;
			sourceTree = "<group>";
		};
		44186A232A4D631800CA16F8 /* Coordinator */ = {
			isa = PBXGroup;
			children = (
				44186A242A4D632E00CA16F8 /* AppCoordinator.swift */,
				44186A2E2A4D647100CA16F8 /* Coordinator.swift */,
				44186A2C2A4D641D00CA16F8 /* AppCoordinatorView.swift */,
			);
			path = Coordinator;
			sourceTree = "<group>";
		};
		443DEF9E2A4D6D47006C7C4E /* MainScreen */ = {
			isa = PBXGroup;
			children = (
				443DEFA12A4D6D60006C7C4E /* ViewModel */,
				443DEFA02A4D6D5D006C7C4E /* Model */,
				443DEF9F2A4D6D58006C7C4E /* View */,
			);
			path = MainScreen;
			sourceTree = "<group>";
		};
		443DEF9F2A4D6D58006C7C4E /* View */ = {
			isa = PBXGroup;
			children = (
				443DEFAA2A4D6F79006C7C4E /* MainScreenView.swift */,
			);
			path = View;
			sourceTree = "<group>";
		};
		443DEFA02A4D6D5D006C7C4E /* Model */ = {
			isa = PBXGroup;
			children = (
				443DEFA42A4D6D83006C7C4E /* MainScreenModel.swift */,
				443DEFA82A4D6F08006C7C4E /* MainModelProtocol.swift */,
			);
			path = Model;
			sourceTree = "<group>";
		};
		443DEFA12A4D6D60006C7C4E /* ViewModel */ = {
			isa = PBXGroup;
			children = (
				443DEFA62A4D6D89006C7C4E /* MainScreenViewModel.swift */,
				443DEFAC2A4D7323006C7C4E /* MainScreenViewModelProtocol.swift */,
			);
			path = ViewModel;
			sourceTree = "<group>";
		};
		443DEFB12A4DAE7F006C7C4E /* DetailScreen */ = {
			isa = PBXGroup;
			children = (
				443DEFB72A4DB78C006C7C4E /* ViewModel */,
				443DEFB62A4DB788006C7C4E /* Model */,
				443DEFB42A4DB776006C7C4E /* View */,
			);
			path = DetailScreen;
			sourceTree = "<group>";
		};
		443DEFB42A4DB776006C7C4E /* View */ = {
			isa = PBXGroup;
			children = (
				443DEFB22A4DAE8B006C7C4E /* DetailScreen.swift */,
			);
			path = View;
			sourceTree = "<group>";
		};
		443DEFB62A4DB788006C7C4E /* Model */ = {
			isa = PBXGroup;
			children = (
				443DEFBC2A4DBDCF006C7C4E /* DetailScreenModel.swift */,
			);
			path = Model;
			sourceTree = "<group>";
		};
		443DEFB72A4DB78C006C7C4E /* ViewModel */ = {
			isa = PBXGroup;
			children = (
				443DEFBA2A4DBC3F006C7C4E /* DetailScreenViewModel.swift */,
			);
			path = ViewModel;
			sourceTree = "<group>";
		};
/* End PBXGroup section */

/* Begin PBXNativeTarget section */
		441869EB2A4C227600CA16F8 /* Food_app_SwiftUI */ = {
			isa = PBXNativeTarget;
			buildConfigurationList = 44186A102A4C227800CA16F8 /* Build configuration list for PBXNativeTarget "Food_app_SwiftUI" */;
			buildPhases = (
				441869E82A4C227600CA16F8 /* Sources */,
				441869E92A4C227600CA16F8 /* Frameworks */,
				441869EA2A4C227600CA16F8 /* Resources */,
			);
			buildRules = (
			);
			dependencies = (
			);
			name = Food_app_SwiftUI;
			packageProductDependencies = (
				443DEFAF2A4D96DC006C7C4E /* Kingfisher */,
			);
			productName = Food_app_SwiftUI;
			productReference = 441869EC2A4C227600CA16F8 /* Food_app_SwiftUI.app */;
			productType = "com.apple.product-type.application";
		};
		441869FB2A4C227700CA16F8 /* Food_app_SwiftUITests */ = {
			isa = PBXNativeTarget;
			buildConfigurationList = 44186A132A4C227800CA16F8 /* Build configuration list for PBXNativeTarget "Food_app_SwiftUITests" */;
			buildPhases = (
				441869F82A4C227700CA16F8 /* Sources */,
				441869F92A4C227700CA16F8 /* Frameworks */,
				441869FA2A4C227700CA16F8 /* Resources */,
			);
			buildRules = (
			);
			dependencies = (
				441869FE2A4C227700CA16F8 /* PBXTargetDependency */,
			);
			name = Food_app_SwiftUITests;
			productName = Food_app_SwiftUITests;
			productReference = 441869FC2A4C227700CA16F8 /* Food_app_SwiftUITests.xctest */;
			productType = "com.apple.product-type.bundle.unit-test";
		};
		44186A052A4C227800CA16F8 /* Food_app_SwiftUIUITests */ = {
			isa = PBXNativeTarget;
			buildConfigurationList = 44186A162A4C227800CA16F8 /* Build configuration list for PBXNativeTarget "Food_app_SwiftUIUITests" */;
			buildPhases = (
				44186A022A4C227800CA16F8 /* Sources */,
				44186A032A4C227800CA16F8 /* Frameworks */,
				44186A042A4C227800CA16F8 /* Resources */,
			);
			buildRules = (
			);
			dependencies = (
				44186A082A4C227800CA16F8 /* PBXTargetDependency */,
			);
			name = Food_app_SwiftUIUITests;
			productName = Food_app_SwiftUIUITests;
			productReference = 44186A062A4C227800CA16F8 /* Food_app_SwiftUIUITests.xctest */;
			productType = "com.apple.product-type.bundle.ui-testing";
		};
/* End PBXNativeTarget section */

/* Begin PBXProject section */
		441869E42A4C227600CA16F8 /* Project object */ = {
			isa = PBXProject;
			attributes = {
				BuildIndependentTargetsInParallel = 1;
				LastSwiftUpdateCheck = 1420;
				LastUpgradeCheck = 1420;
				TargetAttributes = {
					441869EB2A4C227600CA16F8 = {
						CreatedOnToolsVersion = 14.2;
					};
					441869FB2A4C227700CA16F8 = {
						CreatedOnToolsVersion = 14.2;
						TestTargetID = 441869EB2A4C227600CA16F8;
					};
					44186A052A4C227800CA16F8 = {
						CreatedOnToolsVersion = 14.2;
						TestTargetID = 441869EB2A4C227600CA16F8;
					};
				};
			};
			buildConfigurationList = 441869E72A4C227600CA16F8 /* Build configuration list for PBXProject "Food_app_SwiftUI" */;
			compatibilityVersion = "Xcode 14.0";
			developmentRegion = en;
			hasScannedForEncodings = 0;
			knownRegions = (
				en,
				Base,
			);
			mainGroup = 441869E32A4C227600CA16F8;
			packageReferences = (
				443DEFAE2A4D96DC006C7C4E /* XCRemoteSwiftPackageReference "Kingfisher" */,
			);
			productRefGroup = 441869ED2A4C227600CA16F8 /* Products */;
			projectDirPath = "";
			projectRoot = "";
			targets = (
				441869EB2A4C227600CA16F8 /* Food_app_SwiftUI */,
				441869FB2A4C227700CA16F8 /* Food_app_SwiftUITests */,
				44186A052A4C227800CA16F8 /* Food_app_SwiftUIUITests */,
			);
		};
/* End PBXProject section */

/* Begin PBXResourcesBuildPhase section */
		441869EA2A4C227600CA16F8 /* Resources */ = {
			isa = PBXResourcesBuildPhase;
			buildActionMask = 2147483647;
			files = (
				441869F72A4C227700CA16F8 /* Preview Assets.xcassets in Resources */,
				441869F42A4C227700CA16F8 /* Assets.xcassets in Resources */,
			);
			runOnlyForDeploymentPostprocessing = 0;
		};
		441869FA2A4C227700CA16F8 /* Resources */ = {
			isa = PBXResourcesBuildPhase;
			buildActionMask = 2147483647;
			files = (
			);
			runOnlyForDeploymentPostprocessing = 0;
		};
		44186A042A4C227800CA16F8 /* Resources */ = {
			isa = PBXResourcesBuildPhase;
			buildActionMask = 2147483647;
			files = (
			);
			runOnlyForDeploymentPostprocessing = 0;
		};
/* End PBXResourcesBuildPhase section */

/* Begin PBXSourcesBuildPhase section */
		441869E82A4C227600CA16F8 /* Sources */ = {
			isa = PBXSourcesBuildPhase;
			buildActionMask = 2147483647;
			files = (
				443DEFA92A4D6F08006C7C4E /* MainModelProtocol.swift in Sources */,
				44186A252A4D632E00CA16F8 /* AppCoordinator.swift in Sources */,
				443DEFA72A4D6D89006C7C4E /* MainScreenViewModel.swift in Sources */,
				44186A202A4D5F5A00CA16F8 /* CategoriesNetworkDataModel.swift in Sources */,
				44186A2F2A4D647100CA16F8 /* Coordinator.swift in Sources */,
				44186A2D2A4D641D00CA16F8 /* AppCoordinatorView.swift in Sources */,
				443DEFBD2A4DBDCF006C7C4E /* DetailScreenModel.swift in Sources */,
				44186A1B2A4D5B7300CA16F8 /* NetworkManagerProtocol.swift in Sources */,
				443DEFAB2A4D6F79006C7C4E /* MainScreenView.swift in Sources */,
				443DEFB32A4DAE8B006C7C4E /* DetailScreen.swift in Sources */,
				443DEFB92A4DB7AD006C7C4E /* DishesDataModel.swift in Sources */,
				44186A222A4D60A900CA16F8 /* NetworkServiceImpl.swift in Sources */,
				443DEFAD2A4D7323006C7C4E /* MainScreenViewModelProtocol.swift in Sources */,
				441869F02A4C227600CA16F8 /* Food_app_SwiftUIApp.swift in Sources */,
				443DEFA52A4D6D83006C7C4E /* MainScreenModel.swift in Sources */,
				443DEFBB2A4DBC3F006C7C4E /* DetailScreenViewModel.swift in Sources */,
			);
			runOnlyForDeploymentPostprocessing = 0;
		};
		441869F82A4C227700CA16F8 /* Sources */ = {
			isa = PBXSourcesBuildPhase;
			buildActionMask = 2147483647;
			files = (
				44186A012A4C227700CA16F8 /* Food_app_SwiftUITests.swift in Sources */,
			);
			runOnlyForDeploymentPostprocessing = 0;
		};
		44186A022A4C227800CA16F8 /* Sources */ = {
			isa = PBXSourcesBuildPhase;
			buildActionMask = 2147483647;
			files = (
				44186A0D2A4C227800CA16F8 /* Food_app_SwiftUIUITestsLaunchTests.swift in Sources */,
				44186A0B2A4C227800CA16F8 /* Food_app_SwiftUIUITests.swift in Sources */,
			);
			runOnlyForDeploymentPostprocessing = 0;
		};
/* End PBXSourcesBuildPhase section */

/* Begin PBXTargetDependency section */
		441869FE2A4C227700CA16F8 /* PBXTargetDependency */ = {
			isa = PBXTargetDependency;
			target = 441869EB2A4C227600CA16F8 /* Food_app_SwiftUI */;
			targetProxy = 441869FD2A4C227700CA16F8 /* PBXContainerItemProxy */;
		};
		44186A082A4C227800CA16F8 /* PBXTargetDependency */ = {
			isa = PBXTargetDependency;
			target = 441869EB2A4C227600CA16F8 /* Food_app_SwiftUI */;
			targetProxy = 44186A072A4C227800CA16F8 /* PBXContainerItemProxy */;
		};
/* End PBXTargetDependency section */

/* Begin XCBuildConfiguration section */
		44186A0E2A4C227800CA16F8 /* Debug */ = {
			isa = XCBuildConfiguration;
			buildSettings = {
				ALWAYS_SEARCH_USER_PATHS = NO;
				CLANG_ANALYZER_NONNULL = YES;
				CLANG_ANALYZER_NUMBER_OBJECT_CONVERSION = YES_AGGRESSIVE;
				CLANG_CXX_LANGUAGE_STANDARD = "gnu++20";
				CLANG_ENABLE_MODULES = YES;
				CLANG_ENABLE_OBJC_ARC = YES;
				CLANG_ENABLE_OBJC_WEAK = YES;
				CLANG_WARN_BLOCK_CAPTURE_AUTORELEASING = YES;
				CLANG_WARN_BOOL_CONVERSION = YES;
				CLANG_WARN_COMMA = YES;
				CLANG_WARN_CONSTANT_CONVERSION = YES;
				CLANG_WARN_DEPRECATED_OBJC_IMPLEMENTATIONS = YES;
				CLANG_WARN_DIRECT_OBJC_ISA_USAGE = YES_ERROR;
				CLANG_WARN_DOCUMENTATION_COMMENTS = YES;
				CLANG_WARN_EMPTY_BODY = YES;
				CLANG_WARN_ENUM_CONVERSION = YES;
				CLANG_WARN_INFINITE_RECURSION = YES;
				CLANG_WARN_INT_CONVERSION = YES;
				CLANG_WARN_NON_LITERAL_NULL_CONVERSION = YES;
				CLANG_WARN_OBJC_IMPLICIT_RETAIN_SELF = YES;
				CLANG_WARN_OBJC_LITERAL_CONVERSION = YES;
				CLANG_WARN_OBJC_ROOT_CLASS = YES_ERROR;
				CLANG_WARN_QUOTED_INCLUDE_IN_FRAMEWORK_HEADER = YES;
				CLANG_WARN_RANGE_LOOP_ANALYSIS = YES;
				CLANG_WARN_STRICT_PROTOTYPES = YES;
				CLANG_WARN_SUSPICIOUS_MOVE = YES;
				CLANG_WARN_UNGUARDED_AVAILABILITY = YES_AGGRESSIVE;
				CLANG_WARN_UNREACHABLE_CODE = YES;
				CLANG_WARN__DUPLICATE_METHOD_MATCH = YES;
				COPY_PHASE_STRIP = NO;
				DEBUG_INFORMATION_FORMAT = dwarf;
				ENABLE_STRICT_OBJC_MSGSEND = YES;
				ENABLE_TESTABILITY = YES;
				GCC_C_LANGUAGE_STANDARD = gnu11;
				GCC_DYNAMIC_NO_PIC = NO;
				GCC_NO_COMMON_BLOCKS = YES;
				GCC_OPTIMIZATION_LEVEL = 0;
				GCC_PREPROCESSOR_DEFINITIONS = (
					"DEBUG=1",
					"$(inherited)",
				);
				GCC_WARN_64_TO_32_BIT_CONVERSION = YES;
				GCC_WARN_ABOUT_RETURN_TYPE = YES_ERROR;
				GCC_WARN_UNDECLARED_SELECTOR = YES;
				GCC_WARN_UNINITIALIZED_AUTOS = YES_AGGRESSIVE;
				GCC_WARN_UNUSED_FUNCTION = YES;
				GCC_WARN_UNUSED_VARIABLE = YES;
				IPHONEOS_DEPLOYMENT_TARGET = 14.0;
				MTL_ENABLE_DEBUG_INFO = INCLUDE_SOURCE;
				MTL_FAST_MATH = YES;
				ONLY_ACTIVE_ARCH = YES;
				SDKROOT = iphoneos;
				SWIFT_ACTIVE_COMPILATION_CONDITIONS = DEBUG;
				SWIFT_OPTIMIZATION_LEVEL = "-Onone";
			};
			name = Debug;
		};
		44186A0F2A4C227800CA16F8 /* Release */ = {
			isa = XCBuildConfiguration;
			buildSettings = {
				ALWAYS_SEARCH_USER_PATHS = NO;
				CLANG_ANALYZER_NONNULL = YES;
				CLANG_ANALYZER_NUMBER_OBJECT_CONVERSION = YES_AGGRESSIVE;
				CLANG_CXX_LANGUAGE_STANDARD = "gnu++20";
				CLANG_ENABLE_MODULES = YES;
				CLANG_ENABLE_OBJC_ARC = YES;
				CLANG_ENABLE_OBJC_WEAK = YES;
				CLANG_WARN_BLOCK_CAPTURE_AUTORELEASING = YES;
				CLANG_WARN_BOOL_CONVERSION = YES;
				CLANG_WARN_COMMA = YES;
				CLANG_WARN_CONSTANT_CONVERSION = YES;
				CLANG_WARN_DEPRECATED_OBJC_IMPLEMENTATIONS = YES;
				CLANG_WARN_DIRECT_OBJC_ISA_USAGE = YES_ERROR;
				CLANG_WARN_DOCUMENTATION_COMMENTS = YES;
				CLANG_WARN_EMPTY_BODY = YES;
				CLANG_WARN_ENUM_CONVERSION = YES;
				CLANG_WARN_INFINITE_RECURSION = YES;
				CLANG_WARN_INT_CONVERSION = YES;
				CLANG_WARN_NON_LITERAL_NULL_CONVERSION = YES;
				CLANG_WARN_OBJC_IMPLICIT_RETAIN_SELF = YES;
				CLANG_WARN_OBJC_LITERAL_CONVERSION = YES;
				CLANG_WARN_OBJC_ROOT_CLASS = YES_ERROR;
				CLANG_WARN_QUOTED_INCLUDE_IN_FRAMEWORK_HEADER = YES;
				CLANG_WARN_RANGE_LOOP_ANALYSIS = YES;
				CLANG_WARN_STRICT_PROTOTYPES = YES;
				CLANG_WARN_SUSPICIOUS_MOVE = YES;
				CLANG_WARN_UNGUARDED_AVAILABILITY = YES_AGGRESSIVE;
				CLANG_WARN_UNREACHABLE_CODE = YES;
				CLANG_WARN__DUPLICATE_METHOD_MATCH = YES;
				COPY_PHASE_STRIP = NO;
				DEBUG_INFORMATION_FORMAT = "dwarf-with-dsym";
				ENABLE_NS_ASSERTIONS = NO;
				ENABLE_STRICT_OBJC_MSGSEND = YES;
				GCC_C_LANGUAGE_STANDARD = gnu11;
				GCC_NO_COMMON_BLOCKS = YES;
				GCC_WARN_64_TO_32_BIT_CONVERSION = YES;
				GCC_WARN_ABOUT_RETURN_TYPE = YES_ERROR;
				GCC_WARN_UNDECLARED_SELECTOR = YES;
				GCC_WARN_UNINITIALIZED_AUTOS = YES_AGGRESSIVE;
				GCC_WARN_UNUSED_FUNCTION = YES;
				GCC_WARN_UNUSED_VARIABLE = YES;
				IPHONEOS_DEPLOYMENT_TARGET = 14.0;
				MTL_ENABLE_DEBUG_INFO = NO;
				MTL_FAST_MATH = YES;
				SDKROOT = iphoneos;
				SWIFT_COMPILATION_MODE = wholemodule;
				SWIFT_OPTIMIZATION_LEVEL = "-O";
				VALIDATE_PRODUCT = YES;
			};
			name = Release;
		};
		44186A112A4C227800CA16F8 /* Debug */ = {
			isa = XCBuildConfiguration;
			buildSettings = {
				ASSETCATALOG_COMPILER_APPICON_NAME = AppIcon;
				ASSETCATALOG_COMPILER_GLOBAL_ACCENT_COLOR_NAME = AccentColor;
				CODE_SIGN_STYLE = Automatic;
				CURRENT_PROJECT_VERSION = 1;
				DEVELOPMENT_ASSET_PATHS = "\"Food_app_SwiftUI/Preview Content\"";
				DEVELOPMENT_TEAM = Q7D95C8V9R;
				ENABLE_PREVIEWS = YES;
				GENERATE_INFOPLIST_FILE = YES;
				INFOPLIST_KEY_UIApplicationSceneManifest_Generation = YES;
				INFOPLIST_KEY_UIApplicationSupportsIndirectInputEvents = YES;
				INFOPLIST_KEY_UILaunchScreen_Generation = YES;
				INFOPLIST_KEY_UISupportedInterfaceOrientations = UIInterfaceOrientationPortrait;
				LD_RUNPATH_SEARCH_PATHS = (
					"$(inherited)",
					"@executable_path/Frameworks",
				);
				MARKETING_VERSION = 1.0;
				PRODUCT_BUNDLE_IDENTIFIER = "com.artem.Food-app-SwiftUI";
				PRODUCT_NAME = "$(TARGET_NAME)";
				SWIFT_EMIT_LOC_STRINGS = YES;
				SWIFT_VERSION = 5.0;
				TARGETED_DEVICE_FAMILY = "1,2";
			};
			name = Debug;
		};
		44186A122A4C227800CA16F8 /* Release */ = {
			isa = XCBuildConfiguration;
			buildSettings = {
				ASSETCATALOG_COMPILER_APPICON_NAME = AppIcon;
				ASSETCATALOG_COMPILER_GLOBAL_ACCENT_COLOR_NAME = AccentColor;
				CODE_SIGN_STYLE = Automatic;
				CURRENT_PROJECT_VERSION = 1;
				DEVELOPMENT_ASSET_PATHS = "\"Food_app_SwiftUI/Preview Content\"";
				DEVELOPMENT_TEAM = Q7D95C8V9R;
				ENABLE_PREVIEWS = YES;
				GENERATE_INFOPLIST_FILE = YES;
				INFOPLIST_KEY_UIApplicationSceneManifest_Generation = YES;
				INFOPLIST_KEY_UIApplicationSupportsIndirectInputEvents = YES;
				INFOPLIST_KEY_UILaunchScreen_Generation = YES;
				INFOPLIST_KEY_UISupportedInterfaceOrientations = UIInterfaceOrientationPortrait;
				LD_RUNPATH_SEARCH_PATHS = (
					"$(inherited)",
					"@executable_path/Frameworks",
				);
				MARKETING_VERSION = 1.0;
				PRODUCT_BUNDLE_IDENTIFIER = "com.artem.Food-app-SwiftUI";
				PRODUCT_NAME = "$(TARGET_NAME)";
				SWIFT_EMIT_LOC_STRINGS = YES;
				SWIFT_VERSION = 5.0;
				TARGETED_DEVICE_FAMILY = "1,2";
			};
			name = Release;
		};
		44186A142A4C227800CA16F8 /* Debug */ = {
			isa = XCBuildConfiguration;
			buildSettings = {
				ALWAYS_EMBED_SWIFT_STANDARD_LIBRARIES = YES;
				BUNDLE_LOADER = "$(TEST_HOST)";
				CODE_SIGN_STYLE = Automatic;
				CURRENT_PROJECT_VERSION = 1;
				DEVELOPMENT_TEAM = Q7D95C8V9R;
				GENERATE_INFOPLIST_FILE = YES;
				IPHONEOS_DEPLOYMENT_TARGET = 16.2;
				MARKETING_VERSION = 1.0;
				PRODUCT_BUNDLE_IDENTIFIER = "com.artem.Food-app-SwiftUITests";
				PRODUCT_NAME = "$(TARGET_NAME)";
				SWIFT_EMIT_LOC_STRINGS = NO;
				SWIFT_VERSION = 5.0;
				TARGETED_DEVICE_FAMILY = "1,2";
				TEST_HOST = "$(BUILT_PRODUCTS_DIR)/Food_app_SwiftUI.app/$(BUNDLE_EXECUTABLE_FOLDER_PATH)/Food_app_SwiftUI";
			};
			name = Debug;
		};
		44186A152A4C227800CA16F8 /* Release */ = {
			isa = XCBuildConfiguration;
			buildSettings = {
				ALWAYS_EMBED_SWIFT_STANDARD_LIBRARIES = YES;
				BUNDLE_LOADER = "$(TEST_HOST)";
				CODE_SIGN_STYLE = Automatic;
				CURRENT_PROJECT_VERSION = 1;
				DEVELOPMENT_TEAM = Q7D95C8V9R;
				GENERATE_INFOPLIST_FILE = YES;
				IPHONEOS_DEPLOYMENT_TARGET = 16.2;
				MARKETING_VERSION = 1.0;
				PRODUCT_BUNDLE_IDENTIFIER = "com.artem.Food-app-SwiftUITests";
				PRODUCT_NAME = "$(TARGET_NAME)";
				SWIFT_EMIT_LOC_STRINGS = NO;
				SWIFT_VERSION = 5.0;
				TARGETED_DEVICE_FAMILY = "1,2";
				TEST_HOST = "$(BUILT_PRODUCTS_DIR)/Food_app_SwiftUI.app/$(BUNDLE_EXECUTABLE_FOLDER_PATH)/Food_app_SwiftUI";
			};
			name = Release;
		};
		44186A172A4C227800CA16F8 /* Debug */ = {
			isa = XCBuildConfiguration;
			buildSettings = {
				ALWAYS_EMBED_SWIFT_STANDARD_LIBRARIES = YES;
				CODE_SIGN_STYLE = Automatic;
				CURRENT_PROJECT_VERSION = 1;
				DEVELOPMENT_TEAM = Q7D95C8V9R;
				GENERATE_INFOPLIST_FILE = YES;
				MARKETING_VERSION = 1.0;
				PRODUCT_BUNDLE_IDENTIFIER = "com.artem.Food-app-SwiftUIUITests";
				PRODUCT_NAME = "$(TARGET_NAME)";
				SWIFT_EMIT_LOC_STRINGS = NO;
				SWIFT_VERSION = 5.0;
				TARGETED_DEVICE_FAMILY = "1,2";
				TEST_TARGET_NAME = Food_app_SwiftUI;
			};
			name = Debug;
		};
		44186A182A4C227800CA16F8 /* Release */ = {
			isa = XCBuildConfiguration;
			buildSettings = {
				ALWAYS_EMBED_SWIFT_STANDARD_LIBRARIES = YES;
				CODE_SIGN_STYLE = Automatic;
				CURRENT_PROJECT_VERSION = 1;
				DEVELOPMENT_TEAM = Q7D95C8V9R;
				GENERATE_INFOPLIST_FILE = YES;
				MARKETING_VERSION = 1.0;
				PRODUCT_BUNDLE_IDENTIFIER = "com.artem.Food-app-SwiftUIUITests";
				PRODUCT_NAME = "$(TARGET_NAME)";
				SWIFT_EMIT_LOC_STRINGS = NO;
				SWIFT_VERSION = 5.0;
				TARGETED_DEVICE_FAMILY = "1,2";
				TEST_TARGET_NAME = Food_app_SwiftUI;
			};
			name = Release;
		};
/* End XCBuildConfiguration section */

/* Begin XCConfigurationList section */
		441869E72A4C227600CA16F8 /* Build configuration list for PBXProject "Food_app_SwiftUI" */ = {
			isa = XCConfigurationList;
			buildConfigurations = (
				44186A0E2A4C227800CA16F8 /* Debug */,
				44186A0F2A4C227800CA16F8 /* Release */,
			);
			defaultConfigurationIsVisible = 0;
			defaultConfigurationName = Release;
		};
		44186A102A4C227800CA16F8 /* Build configuration list for PBXNativeTarget "Food_app_SwiftUI" */ = {
			isa = XCConfigurationList;
			buildConfigurations = (
				44186A112A4C227800CA16F8 /* Debug */,
				44186A122A4C227800CA16F8 /* Release */,
			);
			defaultConfigurationIsVisible = 0;
			defaultConfigurationName = Release;
		};
		44186A132A4C227800CA16F8 /* Build configuration list for PBXNativeTarget "Food_app_SwiftUITests" */ = {
			isa = XCConfigurationList;
			buildConfigurations = (
				44186A142A4C227800CA16F8 /* Debug */,
				44186A152A4C227800CA16F8 /* Release */,
			);
			defaultConfigurationIsVisible = 0;
			defaultConfigurationName = Release;
		};
		44186A162A4C227800CA16F8 /* Build configuration list for PBXNativeTarget "Food_app_SwiftUIUITests" */ = {
			isa = XCConfigurationList;
			buildConfigurations = (
				44186A172A4C227800CA16F8 /* Debug */,
				44186A182A4C227800CA16F8 /* Release */,
			);
			defaultConfigurationIsVisible = 0;
			defaultConfigurationName = Release;
		};
/* End XCConfigurationList section */

/* Begin XCRemoteSwiftPackageReference section */
		443DEFAE2A4D96DC006C7C4E /* XCRemoteSwiftPackageReference "Kingfisher" */ = {
			isa = XCRemoteSwiftPackageReference;
			repositoryURL = "https://github.com/onevcat/Kingfisher.git";
			requirement = {
				branch = master;
				kind = branch;
			};
		};
/* End XCRemoteSwiftPackageReference section */

/* Begin XCSwiftPackageProductDependency section */
		443DEFAF2A4D96DC006C7C4E /* Kingfisher */ = {
			isa = XCSwiftPackageProductDependency;
			package = 443DEFAE2A4D96DC006C7C4E /* XCRemoteSwiftPackageReference "Kingfisher" */;
			productName = Kingfisher;
		};
/* End XCSwiftPackageProductDependency section */
	};
	rootObject = 441869E42A4C227600CA16F8 /* Project object */;
}
